
Microsoft Visual Studio Solution File, Format Version 12.00
# Visual Studio Version 17
VisualStudioVersion = 17.10.35122.118
MinimumVisualStudioVersion = 10.0.40219.1
Project("{FAE04EC0-301F-11D3-BF4B-00C04F79EFBC}") = "Actividad 26 (biblioteca)", "Actividad 26 (biblioteca)\Actividad 26 (biblioteca).csproj", "{6020E999-3A74-4C06-929C-E1E8788FE0F4}"
EndProject
Global
	GlobalSection(SolutionConfigurationPlatforms) = preSolution
		Debug|Any CPU = Debug|Any CPU
		Release|Any CPU = Release|Any CPU
	EndGlobalSection
	GlobalSection(ProjectConfigurationPlatforms) = postSolution
		{6020E999-3A74-4C06-929C-E1E8788FE0F4}.Debug|Any CPU.ActiveCfg = Debug|Any CPU
		{6020E999-3A74-4C06-929C-E1E8788FE0F4}.Debug|Any CPU.Build.0 = Debug|Any CPU
		{6020E999-3A74-4C06-929C-E1E8788FE0F4}.Release|Any CPU.ActiveCfg = Release|Any CPU
		{6020E999-3A74-4C06-929C-E1E8788FE0F4}.Release|Any CPU.Build.0 = Release|Any CPU
	EndGlobalSection
	GlobalSection(SolutionProperties) = preSolution
		HideSolutionNode = FALSE
	EndGlobalSection
	GlobalSection(ExtensibilityGlobals) = postSolution
		SolutionGuid = {3758C42B-2978-4930-A9D4-AE1A3624C518}
	EndGlobalSection
EndGlobal
